
Microsoft Visual Studio Solution File, Format Version 12.00
# Visual Studio Version 17
VisualStudioVersion = 17.5.33530.505
MinimumVisualStudioVersion = 10.0.40219.1
Project("{8BC9CEB8-8B4A-11D0-8D11-00A0C91BC942}") = "MT3_0_2", "MT3_0_2.vcxproj", "{F632C1E6-9BDF-4255-AF1D-D501AC5A739B}"
EndProject
Global
	GlobalSection(SolutionConfigurationPlatforms) = preSolution
		Debug|x64 = Debug|x64
		Release|x64 = Release|x64
	EndGlobalSection
	GlobalSection(ProjectConfigurationPlatforms) = postSolution
		{F632C1E6-9BDF-4255-AF1D-D501AC5A739B}.Debug|x64.ActiveCfg = Debug|x64
		{F632C1E6-9BDF-4255-AF1D-D501AC5A739B}.Debug|x64.Build.0 = Debug|x64
		{F632C1E6-9BDF-4255-AF1D-D501AC5A739B}.Release|x64.ActiveCfg = Release|x64
		{F632C1E6-9BDF-4255-AF1D-D501AC5A739B}.Release|x64.Build.0 = Release|x64
	EndGlobalSection
	GlobalSection(SolutionProperties) = preSolution
		HideSolutionNode = FALSE
	EndGlobalSection
	GlobalSection(ExtensibilityGlobals) = postSolution
		SolutionGuid = {5027069E-C572-4CDC-A287-A61D842543B2}
	EndGlobalSection
EndGlobal
